PODS:
  - Gifu (3.2.0)
  - Nimble (7.3.4)
  - OHHTTPStubs (8.0.0):
    - OHHTTPStubs/Default (= 8.0.0)
  - OHHTTPStubs/Core (8.0.0)
  - OHHTTPStubs/Default (8.0.0):
    - OHHTTPStubs/Core
    - OHHTTPStubs/JSON
    - OHHTTPStubs/NSURLSession
    - OHHTTPStubs/OHPathHelpers
  - OHHTTPStubs/JSON (8.0.0):
    - OHHTTPStubs/Core
  - OHHTTPStubs/NSURLSession (8.0.0):
    - OHHTTPStubs/Core
  - OHHTTPStubs/OHPathHelpers (8.0.0)
  - OHHTTPStubs/Swift (8.0.0):
    - OHHTTPStubs/Default
  - RxAtomic (4.4.2)
  - RxBlocking (4.4.1):
    - RxAtomic (~> 4.4)
    - RxSwift (~> 4.0)
  - RxNimble (4.4.0):
    - RxNimble/RxBlocking (= 4.4.0)
  - RxNimble/Core (4.4.0):
    - Nimble (~> 7.0)
    - RxSwift (~> 4.2)
  - RxNimble/RxBlocking (4.4.0):
    - RxBlocking
    - RxNimble/Core
  - RxSwift (4.4.1):
    - RxAtomic (~> 4.4)
  - SwiftyJSON (5.0.0)

DEPENDENCIES:
  - Gifu
  - Nimble
  - OHHTTPStubs
  - OHHTTPStubs/Swift
  - RxBlocking
  - RxNimble
  - RxSwift (= 4.4.1)
  - SwiftyJSON

SPEC REPOS:
  trunk:
    - Gifu
    - Nimble
    - OHHTTPStubs
    - RxAtomic
    - RxBlocking
    - RxNimble
    - RxSwift
    - SwiftyJSON

SPEC CHECKSUMS:
  Gifu: 7bcb6427457d85e0b4dff5a84ec5947ac19a93ea
  Nimble: 051e3d8912d40138fa5591c78594f95fb172af37
  OHHTTPStubs: 9cbce6364bec557cc3439aa6bb7514670d780881
  RxAtomic: d00e97c10db88c6f08540e0bf2752fc5a2404167
  RxBlocking: 5508e90d36ca2304632dc9378ece4e9b5d4bf656
  RxNimble: ba6caf0195c37fd50dd4b967624b66ff580d781a
  RxSwift: 92fcf68dfef21f3e2ab1965363d9e7b3d787597e
  SwiftyJSON: 36413e04c44ee145039d332b4f4e2d3e8d6c4db7

PODFILE CHECKSUM: 3df222e6b224750b991825ff8a226083fea7e5ae

COCOAPODS: 1.8.4
