PODS:
  - Hue (5.0.0)
  - RxAtomic (4.4.2)
  - RxBlocking (4.4.1):
    - RxAtomic (~> 4.4)
    - RxSwift (~> 4.0)
  - RxCocoa (4.4.1):
    - RxSwift (~> 4.0)
  - RxSwift (4.4.1):
    - RxAtomic (~> 4.4)
  - RxTest (4.4.1):
    - RxAtomic (~> 4.4)
    - RxSwift (~> 4.0)

DEPENDENCIES:
  - Hue
  - RxBlocking
  - RxCocoa (= 4.4.1)
  - RxSwift (= 4.4.1)
  - RxTest

SPEC REPOS:
  trunk:
    - Hue
    - RxAtomic
    - RxBlocking
    - RxCocoa
    - RxSwift
    - RxTest

SPEC CHECKSUMS:
  Hue: c129cb67be7d093a82bbbc30ce8a96757bf6f37a
  RxAtomic: d00e97c10db88c6f08540e0bf2752fc5a2404167
  RxBlocking: 5508e90d36ca2304632dc9378ece4e9b5d4bf656
  RxCocoa: 2f35a76bf8887872e28a1914112395b11b8e0e64
  RxSwift: 92fcf68dfef21f3e2ab1965363d9e7b3d787597e
  RxTest: f8e548755ca3c7502dc41c7d3b28802c90115a38

PODFILE CHECKSUM: 012538b09e7979b1bfb9dca2df13c894fb1b4347

COCOAPODS: 1.8.4
